
Microsoft Visual Studio Solution File, Format Version 12.00
# Visual Studio Version 17
VisualStudioVersion = 17.14.37216.2
MinimumVisualStudioVersion = 10.0.40219.1
Project("{FAE04EC0-301F-11D3-BF4B-00C04F79EFBC}") = "App.Repositories", "Repositories\App.Repositories.csproj", "{DF061D5D-0C89-4403-B7E1-759FD16664C2}"
EndProject
Project("{FAE04EC0-301F-11D3-BF4B-00C04F79EFBC}") = "App.Services", "Services\App.Services.csproj", "{4A074625-0FCD-408E-B1F3-66D14DCDA995}"
EndProject
Project("{FAE04EC0-301F-11D3-BF4B-00C04F79EFBC}") = "App.Api", "App.Api\App.Api.csproj", "{9DC2BBDE-F87E-4291-8630-37FA7FC6FF49}"
EndProject
Project("{2150E333-8FDC-42A3-9474-1A3956D46DE8}") = "NLayer", "NLayer", "{02EA681E-C7D8-13C7-8484-4AC65E1B71E8}"
EndProject
Project("{2150E333-8FDC-42A3-9474-1A3956D46DE8}") = "CleanArchitecture", "CleanArchitecture", "{42378FDA-1849-4BAC-BBFF-722F1B23F10D}"
EndProject
Project("{2150E333-8FDC-42A3-9474-1A3956D46DE8}") = "Src", "Src", "{C2DA097D-DB06-4E26-A6FA-A0712E7F8B54}"
EndProject
Project("{2150E333-8FDC-42A3-9474-1A3956D46DE8}") = "test", "test", "{F632250D-17AE-4B98-B8EF-C23753B065C7}"
EndProject
Project("{2150E333-8FDC-42A3-9474-1A3956D46DE8}") = "Core", "Core", "{9A1BA665-FD01-488C-AC1A-6D7D336AFC3B}"
EndProject
Project("{FAE04EC0-301F-11D3-BF4B-00C04F79EFBC}") = "App.Domain", "App.Domain\App.Domain.csproj", "{AA4385DD-5DFC-443D-A5F6-57B342EAD069}"
EndProject
Project("{FAE04EC0-301F-11D3-BF4B-00C04F79EFBC}") = "App.Application", "App.Application\App.Application.csproj", "{331046A5-1295-40C9-AF9E-E1923356DB50}"
EndProject
Project("{2150E333-8FDC-42A3-9474-1A3956D46DE8}") = "Infrastructure", "Infrastructure", "{761AFBAD-10C1-4ED6-ACCF-7F7917AE896E}"
EndProject
Project("{FAE04EC0-301F-11D3-BF4B-00C04F79EFBC}") = "App.Persistence", "App.Persistence\App.Persistence.csproj", "{1AD06FE6-FBA4-44C2-9BEC-5F738CA39327}"
EndProject
Project("{2150E333-8FDC-42A3-9474-1A3956D46DE8}") = "API", "API", "{44D9E176-905F-4816-9562-0B967C94DC01}"
EndProject
Project("{FAE04EC0-301F-11D3-BF4B-00C04F79EFBC}") = "CleanApp.API", "CleanApp.API\CleanApp.API.csproj", "{6986D5B4-5624-41B9-979D-CADDC465DA9D}"
EndProject
Global
	GlobalSection(SolutionConfigurationPlatforms) = preSolution
		Debug|Any CPU = Debug|Any CPU
		Release|Any CPU = Release|Any CPU
	EndGlobalSection
	GlobalSection(ProjectConfigurationPlatforms) = postSolution
		{DF061D5D-0C89-4403-B7E1-759FD16664C2}.Debug|Any CPU.ActiveCfg = Debug|Any CPU
		{DF061D5D-0C89-4403-B7E1-759FD16664C2}.Debug|Any CPU.Build.0 = Debug|Any CPU
		{DF061D5D-0C89-4403-B7E1-759FD16664C2}.Release|Any CPU.ActiveCfg = Release|Any CPU
		{DF061D5D-0C89-4403-B7E1-759FD16664C2}.Release|Any CPU.Build.0 = Release|Any CPU
		{4A074625-0FCD-408E-B1F3-66D14DCDA995}.Debug|Any CPU.ActiveCfg = Debug|Any CPU
		{4A074625-0FCD-408E-B1F3-66D14DCDA995}.Debug|Any CPU.Build.0 = Debug|Any CPU
		{4A074625-0FCD-408E-B1F3-66D14DCDA995}.Release|Any CPU.ActiveCfg = Release|Any CPU
		{4A074625-0FCD-408E-B1F3-66D14DCDA995}.Release|Any CPU.Build.0 = Release|Any CPU
		{9DC2BBDE-F87E-4291-8630-37FA7FC6FF49}.Debug|Any CPU.ActiveCfg = Debug|Any CPU
		{9DC2BBDE-F87E-4291-8630-37FA7FC6FF49}.Debug|Any CPU.Build.0 = Debug|Any CPU
		{9DC2BBDE-F87E-4291-8630-37FA7FC6FF49}.Release|Any CPU.ActiveCfg = Release|Any CPU
		{9DC2BBDE-F87E-4291-8630-37FA7FC6FF49}.Release|Any CPU.Build.0 = Release|Any CPU
		{AA4385DD-5DFC-443D-A5F6-57B342EAD069}.Debug|Any CPU.ActiveCfg = Debug|Any CPU
		{AA4385DD-5DFC-443D-A5F6-57B342EAD069}.Debug|Any CPU.Build.0 = Debug|Any CPU
		{AA4385DD-5DFC-443D-A5F6-57B342EAD069}.Release|Any CPU.ActiveCfg = Release|Any CPU
		{AA4385DD-5DFC-443D-A5F6-57B342EAD069}.Release|Any CPU.Build.0 = Release|Any CPU
		{331046A5-1295-40C9-AF9E-E1923356DB50}.Debug|Any CPU.ActiveCfg = Debug|Any CPU
		{331046A5-1295-40C9-AF9E-E1923356DB50}.Debug|Any CPU.Build.0 = Debug|Any CPU
		{331046A5-1295-40C9-AF9E-E1923356DB50}.Release|Any CPU.ActiveCfg = Release|Any CPU
		{331046A5-1295-40C9-AF9E-E1923356DB50}.Release|Any CPU.Build.0 = Release|Any CPU
		{1AD06FE6-FBA4-44C2-9BEC-5F738CA39327}.Debug|Any CPU.ActiveCfg = Debug|Any CPU
		{1AD06FE6-FBA4-44C2-9BEC-5F738CA39327}.Debug|Any CPU.Build.0 = Debug|Any CPU
		{1AD06FE6-FBA4-44C2-9BEC-5F738CA39327}.Release|Any CPU.ActiveCfg = Release|Any CPU
		{1AD06FE6-FBA4-44C2-9BEC-5F738CA39327}.Release|Any CPU.Build.0 = Release|Any CPU
		{6986D5B4-5624-41B9-979D-CADDC465DA9D}.Debug|Any CPU.ActiveCfg = Debug|Any CPU
		{6986D5B4-5624-41B9-979D-CADDC465DA9D}.Debug|Any CPU.Build.0 = Debug|Any CPU
		{6986D5B4-5624-41B9-979D-CADDC465DA9D}.Release|Any CPU.ActiveCfg = Release|Any CPU
		{6986D5B4-5624-41B9-979D-CADDC465DA9D}.Release|Any CPU.Build.0 = Release|Any CPU
	EndGlobalSection
	GlobalSection(SolutionProperties) = preSolution
		HideSolutionNode = FALSE
	EndGlobalSection
	GlobalSection(NestedProjects) = preSolution
		{DF061D5D-0C89-4403-B7E1-759FD16664C2} = {02EA681E-C7D8-13C7-8484-4AC65E1B71E8}
		{4A074625-0FCD-408E-B1F3-66D14DCDA995} = {02EA681E-C7D8-13C7-8484-4AC65E1B71E8}
		{9DC2BBDE-F87E-4291-8630-37FA7FC6FF49} = {02EA681E-C7D8-13C7-8484-4AC65E1B71E8}
		{C2DA097D-DB06-4E26-A6FA-A0712E7F8B54} = {42378FDA-1849-4BAC-BBFF-722F1B23F10D}
		{F632250D-17AE-4B98-B8EF-C23753B065C7} = {42378FDA-1849-4BAC-BBFF-722F1B23F10D}
		{9A1BA665-FD01-488C-AC1A-6D7D336AFC3B} = {C2DA097D-DB06-4E26-A6FA-A0712E7F8B54}
		{AA4385DD-5DFC-443D-A5F6-57B342EAD069} = {9A1BA665-FD01-488C-AC1A-6D7D336AFC3B}
		{331046A5-1295-40C9-AF9E-E1923356DB50} = {9A1BA665-FD01-488C-AC1A-6D7D336AFC3B}
		{761AFBAD-10C1-4ED6-ACCF-7F7917AE896E} = {C2DA097D-DB06-4E26-A6FA-A0712E7F8B54}
		{1AD06FE6-FBA4-44C2-9BEC-5F738CA39327} = {761AFBAD-10C1-4ED6-ACCF-7F7917AE896E}
		{44D9E176-905F-4816-9562-0B967C94DC01} = {C2DA097D-DB06-4E26-A6FA-A0712E7F8B54}
		{6986D5B4-5624-41B9-979D-CADDC465DA9D} = {44D9E176-905F-4816-9562-0B967C94DC01}
	EndGlobalSection
	GlobalSection(ExtensibilityGlobals) = postSolution
		SolutionGuid = {3C27619A-8E5F-4A40-B2EA-3578DAA67BEB}
	EndGlobalSection
EndGlobal
